
Microsoft Visual Studio Solution File, Format Version 12.00
# Visual Studio Version 16
VisualStudioVersion = 16.0.30523.141
MinimumVisualStudioVersion = 10.0.40219.1
Project("{FAE04EC0-301F-11D3-BF4B-00C04F79EFBC}") = "POO", "POO\POO.csproj", "{958048FC-7DCB-40DB-A174-2F2ADE4755CF}"
EndProject
Global
	GlobalSection(SolutionConfigurationPlatforms) = preSolution
		Debug|Any CPU = Debug|Any CPU
		Release|Any CPU = Release|Any CPU
	EndGlobalSection
	GlobalSection(ProjectConfigurationPlatforms) = postSolution
		{958048FC-7DCB-40DB-A174-2F2ADE4755CF}.Debug|Any CPU.ActiveCfg = Debug|Any CPU
		{958048FC-7DCB-40DB-A174-2F2ADE4755CF}.Debug|Any CPU.Build.0 = Debug|Any CPU
		{958048FC-7DCB-40DB-A174-2F2ADE4755CF}.Release|Any CPU.ActiveCfg = Release|Any CPU
		{958048FC-7DCB-40DB-A174-2F2ADE4755CF}.Release|Any CPU.Build.0 = Release|Any CPU
	EndGlobalSection
	GlobalSection(SolutionProperties) = preSolution
		HideSolutionNode = FALSE
	EndGlobalSection
	GlobalSection(ExtensibilityGlobals) = postSolution
		SolutionGuid = {C80C3045-EE2F-41BB-AC98-827C161C04DC}
	EndGlobalSection
EndGlobal
